
Microsoft Visual Studio Solution File, Format Version 12.00
# Visual Studio 15
VisualStudioVersion = 15.0.27130.2036
MinimumVisualStudioVersion = 10.0.40219.1
Project("{FAE04EC0-301F-11D3-BF4B-00C04F79EFBC}") = "PR2", "PR2\PR2.csproj", "{65068CB9-EC7B-4BF1-AA61-3BE79540F2A7}"
EndProject
Global
	GlobalSection(SolutionConfigurationPlatforms) = preSolution
		Debug|Any CPU = Debug|Any CPU
		Release|Any CPU = Release|Any CPU
	EndGlobalSection
	GlobalSection(ProjectConfigurationPlatforms) = postSolution
		{65068CB9-EC7B-4BF1-AA61-3BE79540F2A7}.Debug|Any CPU.ActiveCfg = Debug|Any CPU
		{65068CB9-EC7B-4BF1-AA61-3BE79540F2A7}.Debug|Any CPU.Build.0 = Debug|Any CPU
		{65068CB9-EC7B-4BF1-AA61-3BE79540F2A7}.Release|Any CPU.ActiveCfg = Release|Any CPU
		{65068CB9-EC7B-4BF1-AA61-3BE79540F2A7}.Release|Any CPU.Build.0 = Release|Any CPU
	EndGlobalSection
	GlobalSection(SolutionProperties) = preSolution
		HideSolutionNode = FALSE
	EndGlobalSection
	GlobalSection(ExtensibilityGlobals) = postSolution
		SolutionGuid = {722EB839-5E6A-4808-A0B3-D17F2057D6E1}
	EndGlobalSection
EndGlobal
